{
  "name": "zozi-logo-app",
  "lockfileVersion": 3,
  "requires": true,
  "packages": {
    "": {
      "name": "zozi-logo-app",
      "version": "0.0.0-recovered"
    }
  },
  "recovery": {
    "status": "placeholder",
    "date": "2026-04-21",
    "note": "Original package-lock.json was null-corrupted and unrecoverable from local history."
  }
}
